
Microsoft Visual Studio Solution File, Format Version 12.00
# Visual Studio Version 16
VisualStudioVersion = 16.0.29709.97
MinimumVisualStudioVersion = 10.0.40219.1
Project("{FAE04EC0-301F-11D3-BF4B-00C04F79EFBC}") = "Polymorphism", "Polymorphism\Polymorphism.csproj", "{16D0436B-D895-40C2-A222-6CCE1ED489A7}"
EndProject
Global
	GlobalSection(SolutionConfigurationPlatforms) = preSolution
		Debug|Any CPU = Debug|Any CPU
		Release|Any CPU = Release|Any CPU
	EndGlobalSection
	GlobalSection(ProjectConfigurationPlatforms) = postSolution
		{16D0436B-D895-40C2-A222-6CCE1ED489A7}.Debug|Any CPU.ActiveCfg = Debug|Any CPU
		{16D0436B-D895-40C2-A222-6CCE1ED489A7}.Debug|Any CPU.Build.0 = Debug|Any CPU
		{16D0436B-D895-40C2-A222-6CCE1ED489A7}.Release|Any CPU.ActiveCfg = Release|Any CPU
		{16D0436B-D895-40C2-A222-6CCE1ED489A7}.Release|Any CPU.Build.0 = Release|Any CPU
	EndGlobalSection
	GlobalSection(SolutionProperties) = preSolution
		HideSolutionNode = FALSE
	EndGlobalSection
	GlobalSection(ExtensibilityGlobals) = postSolution
		SolutionGuid = {1B84BE11-E2DE-44D8-AF15-9E18F3C599A5}
	EndGlobalSection
EndGlobal
